// !$*UTF8*$!
{
	archiveVersion = 1;
	classes = {
	};
	objectVersion = 46;
	objects = {

/* Begin PBXBuildFile section */
		781C7AF21DDE2567005C8005 /* AppDelegate.m in Sources */ = {isa = PBXBuildFile; fileRef = 781C7AF11DDE2567005C8005 /* AppDelegate.m */; };
		783081891DDEBEE60003D012 /* DashboardSync.m in Sources */ = {isa = PBXBuildFile; fileRef = 783081881DDEBEE60003D012 /* DashboardSync.m */; };
		7830818C1DDEC0920003D012 /* TimeTable.m in Sources */ = {isa = PBXBuildFile; fileRef = 7830818B1DDEC0920003D012 /* TimeTable.m */; };
		7830818F1DDEC1510003D012 /* DashboardStat.m in Sources */ = {isa = PBXBuildFile; fileRef = 7830818E1DDEC1510003D012 /* DashboardStat.m */; };
		784A57971DDEF5A8005D2F57 /* SideDrawerController.m in Sources */ = {isa = PBXBuildFile; fileRef = 784A57961DDEF5A8005D2F57 /* SideDrawerController.m */; };
		786BA1281DE437C7007920ED /* DashboardController.m in Sources */ = {isa = PBXBuildFile; fileRef = 786BA1271DE437C7007920ED /* DashboardController.m */; };
		788E6AAA1DDFAEEE006021C3 /* TimeTableEntryCell.m in Sources */ = {isa = PBXBuildFile; fileRef = 788E6AA91DDFAEEE006021C3 /* TimeTableEntryCell.m */; };
		788E6AAD1DDFAEFF006021C3 /* IntervalCell.m in Sources */ = {isa = PBXBuildFile; fileRef = 788E6AAC1DDFAEFF006021C3 /* IntervalCell.m */; };
		78995E3E1DE48FD600D2AE89 /* UnallocatedCell.m in Sources */ = {isa = PBXBuildFile; fileRef = 78995E3D1DE48FD600D2AE89 /* UnallocatedCell.m */; };
		7899D4911DDE952300CEADA5 /* DashboardApi.m in Sources */ = {isa = PBXBuildFile; fileRef = 7899D4901DDE952300CEADA5 /* DashboardApi.m */; };
		B0210A216D69BA0823C2C0FC /* libPods-SLIIT RMS.a in Frameworks */ = {isa = PBXBuildFile; fileRef = 16D5C1EBDAF8745510A30490 /* libPods-SLIIT RMS.a */; };
		E89364B91DBA6316001923AB /* HomeController.m in Sources */ = {isa = PBXBuildFile; fileRef = E89364B81DBA6316001923AB /* HomeController.m */; };
		E89364BC1DBA6904001923AB /* SettingsController.m in Sources */ = {isa = PBXBuildFile; fileRef = E89364BB1DBA6904001923AB /* SettingsController.m */; };
		E89364BF1DBA6959001923AB /* NewsController.m in Sources */ = {isa = PBXBuildFile; fileRef = E89364BE1DBA6959001923AB /* NewsController.m */; };
		E89364C21DBA696D001923AB /* TimeTableController.m in Sources */ = {isa = PBXBuildFile; fileRef = E89364C11DBA696D001923AB /* TimeTableController.m */; };
		E8D68FC71DACF08600242E8E /* main.m in Sources */ = {isa = PBXBuildFile; fileRef = E8D68FC61DACF08600242E8E /* main.m */; };
		E8D68FD01DACF08600242E8E /* Main.storyboard in Resources */ = {isa = PBXBuildFile; fileRef = E8D68FCE1DACF08600242E8E /* Main.storyboard */; };
		E8D68FD21DACF08600242E8E /* Assets.xcassets in Resources */ = {isa = PBXBuildFile; fileRef = E8D68FD11DACF08600242E8E /* Assets.xcassets */; };
		E8EB26651DC9A34000B4D750 /* UserApi.m in Sources */ = {isa = PBXBuildFile; fileRef = E8EB26641DC9A34000B4D750 /* UserApi.m */; };
		E8EB26681DC9A35500B4D750 /* UserSync.m in Sources */ = {isa = PBXBuildFile; fileRef = E8EB26671DC9A35500B4D750 /* UserSync.m */; };
		E8EB266B1DC9A36500B4D750 /* TimeTableApi.m in Sources */ = {isa = PBXBuildFile; fileRef = E8EB266A1DC9A36500B4D750 /* TimeTableApi.m */; };
		E8EB266E1DC9A37400B4D750 /* TimeTableSync.m in Sources */ = {isa = PBXBuildFile; fileRef = E8EB266D1DC9A37400B4D750 /* TimeTableSync.m */; };
		E8EB26731DC9AD7F00B4D750 /* User.m in Sources */ = {isa = PBXBuildFile; fileRef = E8EB26721DC9AD7F00B4D750 /* User.m */; };
		E8EB26761DC9B8D800B4D750 /* TimeTablePageController.m in Sources */ = {isa = PBXBuildFile; fileRef = E8EB26751DC9B8D800B4D750 /* TimeTablePageController.m */; };
		E8EB267A1DC9C1F900B4D750 /* CAPSPageMenu.m in Sources */ = {isa = PBXBuildFile; fileRef = E8EB26791DC9C1F900B4D750 /* CAPSPageMenu.m */; };
		E8F27FC21DBA1FA100BC7BB9 /* SplashScreenController.m in Sources */ = {isa = PBXBuildFile; fileRef = E8F27FC11DBA1FA100BC7BB9 /* SplashScreenController.m */; };
		E8F27FC51DBA218900BC7BB9 /* LoginController.m in Sources */ = {isa = PBXBuildFile; fileRef = E8F27FC41DBA218900BC7BB9 /* LoginController.m */; };
/* End PBXBuildFile section */

/* Begin PBXFileReference section */
		16D5C1EBDAF8745510A30490 /* libPods-SLIIT RMS.a */ = {isa = PBXFileReference; explicitFileType = archive.ar; includeInIndex = 0; path = "libPods-SLIIT RMS.a"; sourceTree = BUILT_PRODUCTS_DIR; };
		781C7AF01DDE2567005C8005 /* AppDelegate.h */ = {isa = PBXFileReference; fileEncoding = 4; lastKnownFileType = sourcecode.c.h; name = AppDelegate.h; path = "SLIIT RMS/AppDelegate.h"; sourceTree = SOURCE_ROOT; };
		781C7AF11DDE2567005C8005 /* AppDelegate.m */ = {isa = PBXFileReference; fileEncoding = 4; lastKnownFileType = sourcecode.c.objc; name = AppDelegate.m; path = "SLIIT RMS/AppDelegate.m"; sourceTree = SOURCE_ROOT; };
		783081871DDEBEE60003D012 /* DashboardSync.h */ = {isa = PBXFileReference; fileEncoding = 4; lastKnownFileType = sourcecode.c.h; path = DashboardSync.h; sourceTree = "<group>"; };
		783081881DDEBEE60003D012 /* DashboardSync.m */ = {isa = PBXFileReference; fileEncoding = 4; lastKnownFileType = sourcecode.c.objc; path = DashboardSync.m; sourceTree = "<group>"; };
		7830818A1DDEC0920003D012 /* TimeTable.h */ = {isa = PBXFileReference; fileEncoding = 4; lastKnownFileType = sourcecode.c.h; name = TimeTable.h; path = Models/TimeTable.h; sourceTree = "<group>"; };
		7830818B1DDEC0920003D012 /* TimeTable.m */ = {isa = PBXFileReference; fileEncoding = 4; lastKnownFileType = sourcecode.c.objc; name = TimeTable.m; path = Models/TimeTable.m; sourceTree = "<group>"; };
		7830818D1DDEC1510003D012 /* DashboardStat.h */ = {isa = PBXFileReference; fileEncoding = 4; lastKnownFileType = sourcecode.c.h; name = DashboardStat.h; path = Models/DashboardStat.h; sourceTree = "<group>"; };
		7830818E1DDEC1510003D012 /* DashboardStat.m */ = {isa = PBXFileReference; fileEncoding = 4; lastKnownFileType = sourcecode.c.objc; name = DashboardStat.m; path = Models/DashboardStat.m; sourceTree = "<group>"; };
		784A57951DDEF5A8005D2F57 /* SideDrawerController.h */ = {isa = PBXFileReference; fileEncoding = 4; lastKnownFileType = sourcecode.c.h; name = SideDrawerController.h; path = Home/SideDrawerController.h; sourceTree = "<group>"; };
		784A57961DDEF5A8005D2F57 /* SideDrawerController.m */ = {isa = PBXFileReference; fileEncoding = 4; lastKnownFileType = sourcecode.c.objc; name = SideDrawerController.m; path = Home/SideDrawerController.m; sourceTree = "<group>"; };
		786BA1261DE437C7007920ED /* DashboardController.h */ = {isa = PBXFileReference; fileEncoding = 4; lastKnownFileType = sourcecode.c.h; name = DashboardController.h; path = Home/DashboardController.h; sourceTree = "<group>"; };
		786BA1271DE437C7007920ED /* DashboardController.m */ = {isa = PBXFileReference; fileEncoding = 4; lastKnownFileType = sourcecode.c.objc; name = DashboardController.m; path = Home/DashboardController.m; sourceTree = "<group>"; };
		788E6AA81DDFAEEE006021C3 /* TimeTableEntryCell.h */ = {isa = PBXFileReference; fileEncoding = 4; lastKnownFileType = sourcecode.c.h; name = TimeTableEntryCell.h; path = Home/TimeTableEntryCell.h; sourceTree = "<group>"; };
		788E6AA91DDFAEEE006021C3 /* TimeTableEntryCell.m */ = {isa = PBXFileReference; fileEncoding = 4; lastKnownFileType = sourcecode.c.objc; name = TimeTableEntryCell.m; path = Home/TimeTableEntryCell.m; sourceTree = "<group>"; };
		788E6AAB1DDFAEFF006021C3 /* IntervalCell.h */ = {isa = PBXFileReference; fileEncoding = 4; lastKnownFileType = sourcecode.c.h; name = IntervalCell.h; path = Home/IntervalCell.h; sourceTree = "<group>"; };
		788E6AAC1DDFAEFF006021C3 /* IntervalCell.m */ = {isa = PBXFileReference; fileEncoding = 4; lastKnownFileType = sourcecode.c.objc; name = IntervalCell.m; path = Home/IntervalCell.m; sourceTree = "<group>"; };
		78995E3C1DE48FD600D2AE89 /* UnallocatedCell.h */ = {isa = PBXFileReference; fileEncoding = 4; lastKnownFileType = sourcecode.c.h; name = UnallocatedCell.h; path = Home/UnallocatedCell.h; sourceTree = "<group>"; };
		78995E3D1DE48FD600D2AE89 /* UnallocatedCell.m */ = {isa = PBXFileReference; fileEncoding = 4; lastKnownFileType = sourcecode.c.objc; name = UnallocatedCell.m; path = Home/UnallocatedCell.m; sourceTree = "<group>"; };
		7899D48F1DDE952300CEADA5 /* DashboardApi.h */ = {isa = PBXFileReference; fileEncoding = 4; lastKnownFileType = sourcecode.c.h; path = DashboardApi.h; sourceTree = "<group>"; };
		7899D4901DDE952300CEADA5 /* DashboardApi.m */ = {isa = PBXFileReference; fileEncoding = 4; lastKnownFileType = sourcecode.c.objc; path = DashboardApi.m; sourceTree = "<group>"; };
		8E55538A25B66D42627A2810 /* Pods-SLIIT RMS.debug.xcconfig */ = {isa = PBXFileReference; includeInIndex = 1; lastKnownFileType = text.xcconfig; name = "Pods-SLIIT RMS.debug.xcconfig"; path = "Pods/Target Support Files/Pods-SLIIT RMS/Pods-SLIIT RMS.debug.xcconfig"; sourceTree = "<group>"; };
		A23103D9F3BAA6685A216560 /* Pods-SLIIT RMS.release.xcconfig */ = {isa = PBXFileReference; includeInIndex = 1; lastKnownFileType = text.xcconfig; name = "Pods-SLIIT RMS.release.xcconfig"; path = "Pods/Target Support Files/Pods-SLIIT RMS/Pods-SLIIT RMS.release.xcconfig"; sourceTree = "<group>"; };
		E89364B71DBA6316001923AB /* HomeController.h */ = {isa = PBXFileReference; fileEncoding = 4; lastKnownFileType = sourcecode.c.h; name = HomeController.h; path = Home/HomeController.h; sourceTree = "<group>"; };
		E89364B81DBA6316001923AB /* HomeController.m */ = {isa = PBXFileReference; fileEncoding = 4; lastKnownFileType = sourcecode.c.objc; name = HomeController.m; path = Home/HomeController.m; sourceTree = "<group>"; };
		E89364BA1DBA6904001923AB /* SettingsController.h */ = {isa = PBXFileReference; fileEncoding = 4; lastKnownFileType = sourcecode.c.h; name = SettingsController.h; path = Home/SettingsController.h; sourceTree = "<group>"; };
		E89364BB1DBA6904001923AB /* SettingsController.m */ = {isa = PBXFileReference; fileEncoding = 4; lastKnownFileType = sourcecode.c.objc; name = SettingsController.m; path = Home/SettingsController.m; sourceTree = "<group>"; };
		E89364BD1DBA6959001923AB /* NewsController.h */ = {isa = PBXFileReference; fileEncoding = 4; lastKnownFileType = sourcecode.c.h; name = NewsController.h; path = Home/NewsController.h; sourceTree = "<group>"; };
		E89364BE1DBA6959001923AB /* NewsController.m */ = {isa = PBXFileReference; fileEncoding = 4; lastKnownFileType = sourcecode.c.objc; name = NewsController.m; path = Home/NewsController.m; sourceTree = "<group>"; };
		E89364C01DBA696D001923AB /* TimeTableController.h */ = {isa = PBXFileReference; fileEncoding = 4; lastKnownFileType = sourcecode.c.h; name = TimeTableController.h; path = Home/TimeTableController.h; sourceTree = "<group>"; };
		E89364C11DBA696D001923AB /* TimeTableController.m */ = {isa = PBXFileReference; fileEncoding = 4; lastKnownFileType = sourcecode.c.objc; name = TimeTableController.m; path = Home/TimeTableController.m; sourceTree = "<group>"; };
		E8D68FC21DACF08600242E8E /* SLIIT RMS.app */ = {isa = PBXFileReference; explicitFileType = wrapper.application; includeInIndex = 0; path = "SLIIT RMS.app"; sourceTree = BUILT_PRODUCTS_DIR; };
		E8D68FC61DACF08600242E8E /* main.m */ = {isa = PBXFileReference; lastKnownFileType = sourcecode.c.objc; path = main.m; sourceTree = "<group>"; };
		E8D68FCF1DACF08600242E8E /* Base */ = {isa = PBXFileReference; lastKnownFileType = file.storyboard; name = Base; path = Base.lproj/Main.storyboard; sourceTree = "<group>"; };
		E8D68FD11DACF08600242E8E /* Assets.xcassets */ = {isa = PBXFileReference; lastKnownFileType = folder.assetcatalog; path = Assets.xcassets; sourceTree = "<group>"; };
		E8D68FD61DACF08600242E8E /* Info.plist */ = {isa = PBXFileReference; lastKnownFileType = text.plist.xml; path = Info.plist; sourceTree = "<group>"; };
		E8EB26631DC9A34000B4D750 /* UserApi.h */ = {isa = PBXFileReference; fileEncoding = 4; lastKnownFileType = sourcecode.c.h; path = UserApi.h; sourceTree = "<group>"; };
		E8EB26641DC9A34000B4D750 /* UserApi.m */ = {isa = PBXFileReference; fileEncoding = 4; lastKnownFileType = sourcecode.c.objc; path = UserApi.m; sourceTree = "<group>"; };
		E8EB26661DC9A35500B4D750 /* UserSync.h */ = {isa = PBXFileReference; fileEncoding = 4; lastKnownFileType = sourcecode.c.h; path = UserSync.h; sourceTree = "<group>"; };
		E8EB26671DC9A35500B4D750 /* UserSync.m */ = {isa = PBXFileReference; fileEncoding = 4; lastKnownFileType = sourcecode.c.objc; path = UserSync.m; sourceTree = "<group>"; };
		E8EB26691DC9A36500B4D750 /* TimeTableApi.h */ = {isa = PBXFileReference; fileEncoding = 4; lastKnownFileType = sourcecode.c.h; path = TimeTableApi.h; sourceTree = "<group>"; };
		E8EB266A1DC9A36500B4D750 /* TimeTableApi.m */ = {isa = PBXFileReference; fileEncoding = 4; lastKnownFileType = sourcecode.c.objc; path = TimeTableApi.m; sourceTree = "<group>"; };
		E8EB266C1DC9A37400B4D750 /* TimeTableSync.h */ = {isa = PBXFileReference; fileEncoding = 4; lastKnownFileType = sourcecode.c.h; path = TimeTableSync.h; sourceTree = "<group>"; };
		E8EB266D1DC9A37400B4D750 /* TimeTableSync.m */ = {isa = PBXFileReference; fileEncoding = 4; lastKnownFileType = sourcecode.c.objc; path = TimeTableSync.m; sourceTree = "<group>"; };
		E8EB266F1DC9AAC500B4D750 /* Consts.h */ = {isa = PBXFileReference; lastKnownFileType = sourcecode.c.h; path = Consts.h; sourceTree = "<group>"; };
		E8EB26711DC9AD7F00B4D750 /* User.h */ = {isa = PBXFileReference; fileEncoding = 4; lastKnownFileType = sourcecode.c.h; name = User.h; path = Models/User.h; sourceTree = "<group>"; };
		E8EB26721DC9AD7F00B4D750 /* User.m */ = {isa = PBXFileReference; fileEncoding = 4; lastKnownFileType = sourcecode.c.objc; name = User.m; path = Models/User.m; sourceTree = "<group>"; };
		E8EB26741DC9B8D800B4D750 /* TimeTablePageController.h */ = {isa = PBXFileReference; fileEncoding = 4; lastKnownFileType = sourcecode.c.h; name = TimeTablePageController.h; path = Home/TimeTablePageController.h; sourceTree = "<group>"; };
		E8EB26751DC9B8D800B4D750 /* TimeTablePageController.m */ = {isa = PBXFileReference; fileEncoding = 4; lastKnownFileType = sourcecode.c.objc; name = TimeTablePageController.m; path = Home/TimeTablePageController.m; sourceTree = "<group>"; };
		E8EB26781DC9C1F900B4D750 /* CAPSPageMenu.h */ = {isa = PBXFileReference; fileEncoding = 4; lastKnownFileType = sourcecode.c.h; name = CAPSPageMenu.h; path = Libs/PageMenu/CAPSPageMenu.h; sourceTree = "<group>"; };
		E8EB26791DC9C1F900B4D750 /* CAPSPageMenu.m */ = {isa = PBXFileReference; fileEncoding = 4; lastKnownFileType = sourcecode.c.objc; name = CAPSPageMenu.m; path = Libs/PageMenu/CAPSPageMenu.m; sourceTree = "<group>"; };
		E8F27FC01DBA1FA100BC7BB9 /* SplashScreenController.h */ = {isa = PBXFileReference; fileEncoding = 4; lastKnownFileType = sourcecode.c.h; name = SplashScreenController.h; path = Splash/SplashScreenController.h; sourceTree = "<group>"; };
		E8F27FC11DBA1FA100BC7BB9 /* SplashScreenController.m */ = {isa = PBXFileReference; fileEncoding = 4; lastKnownFileType = sourcecode.c.objc; name = SplashScreenController.m; path = Splash/SplashScreenController.m; sourceTree = "<group>"; };
		E8F27FC31DBA218900BC7BB9 /* LoginController.h */ = {isa = PBXFileReference; fileEncoding = 4; lastKnownFileType = sourcecode.c.h; name = LoginController.h; path = Login/LoginController.h; sourceTree = "<group>"; };
		E8F27FC41DBA218900BC7BB9 /* LoginController.m */ = {isa = PBXFileReference; fileEncoding = 4; lastKnownFileType = sourcecode.c.objc; name = LoginController.m; path = Login/LoginController.m; sourceTree = "<group>"; };
/* End PBXFileReference section */

/* Begin PBXFrameworksBuildPhase section */
		E8D68FBF1DACF08600242E8E /* Frameworks */ = {
			isa = PBXFrameworksBuildPhase;
			buildActionMask = 2147483647;
			files = (
				B0210A216D69BA0823C2C0FC /* libPods-SLIIT RMS.a in Frameworks */,
			);
			runOnlyForDeploymentPostprocessing = 0;
		};
/* End PBXFrameworksBuildPhase section */

/* Begin PBXGroup section */
		786BA1251DE437A4007920ED /* Dashboard */ = {
			isa = PBXGroup;
			children = (
				786BA1261DE437C7007920ED /* DashboardController.h */,
				786BA1271DE437C7007920ED /* DashboardController.m */,
			);
			name = Dashboard;
			sourceTree = "<group>";
		};
		788E6AA31DDFAE43006021C3 /* TimeTable */ = {
			isa = PBXGroup;
			children = (
				E89364C01DBA696D001923AB /* TimeTableController.h */,
				E89364C11DBA696D001923AB /* TimeTableController.m */,
				E8EB26741DC9B8D800B4D750 /* TimeTablePageController.h */,
				E8EB26751DC9B8D800B4D750 /* TimeTablePageController.m */,
				788E6AA81DDFAEEE006021C3 /* TimeTableEntryCell.h */,
				788E6AA91DDFAEEE006021C3 /* TimeTableEntryCell.m */,
				788E6AAB1DDFAEFF006021C3 /* IntervalCell.h */,
				788E6AAC1DDFAEFF006021C3 /* IntervalCell.m */,
				78995E3C1DE48FD600D2AE89 /* UnallocatedCell.h */,
				78995E3D1DE48FD600D2AE89 /* UnallocatedCell.m */,
			);
			name = TimeTable;
			sourceTree = "<group>";
		};
		788E6AA41DDFAE64006021C3 /* Login */ = {
			isa = PBXGroup;
			children = (
				E8F27FC01DBA1FA100BC7BB9 /* SplashScreenController.h */,
				E8F27FC11DBA1FA100BC7BB9 /* SplashScreenController.m */,
				E8F27FC31DBA218900BC7BB9 /* LoginController.h */,
				E8F27FC41DBA218900BC7BB9 /* LoginController.m */,
			);
			name = Login;
			sourceTree = "<group>";
		};
		788E6AA51DDFAE83006021C3 /* Home */ = {
			isa = PBXGroup;
			children = (
				786BA1251DE437A4007920ED /* Dashboard */,
				788E6AA31DDFAE43006021C3 /* TimeTable */,
				788E6AA71DDFAEA0006021C3 /* News */,
				788E6AA61DDFAE95006021C3 /* Settings */,
				E89364B71DBA6316001923AB /* HomeController.h */,
				E89364B81DBA6316001923AB /* HomeController.m */,
				784A57951DDEF5A8005D2F57 /* SideDrawerController.h */,
				784A57961DDEF5A8005D2F57 /* SideDrawerController.m */,
			);
			name = Home;
			sourceTree = "<group>";
		};
		788E6AA61DDFAE95006021C3 /* Settings */ = {
			isa = PBXGroup;
			children = (
				E89364BA1DBA6904001923AB /* SettingsController.h */,
				E89364BB1DBA6904001923AB /* SettingsController.m */,
			);
			name = Settings;
			sourceTree = "<group>";
		};
		788E6AA71DDFAEA0006021C3 /* News */ = {
			isa = PBXGroup;
			children = (
				E89364BD1DBA6959001923AB /* NewsController.h */,
				E89364BE1DBA6959001923AB /* NewsController.m */,
			);
			name = News;
			sourceTree = "<group>";
		};
		83BD552E4E966ECEE5CEB058 /* Pods */ = {
			isa = PBXGroup;
			children = (
				8E55538A25B66D42627A2810 /* Pods-SLIIT RMS.debug.xcconfig */,
				A23103D9F3BAA6685A216560 /* Pods-SLIIT RMS.release.xcconfig */,
			);
			name = Pods;
			sourceTree = "<group>";
		};
		C3D4CE2A84D5BC6035944026 /* Frameworks */ = {
			isa = PBXGroup;
			children = (
				16D5C1EBDAF8745510A30490 /* libPods-SLIIT RMS.a */,
			);
			name = Frameworks;
			sourceTree = "<group>";
		};
		E8D68FB91DACF08600242E8E = {
			isa = PBXGroup;
			children = (
				E8D68FC41DACF08600242E8E /* SLIIT RMS */,
				E8D68FC31DACF08600242E8E /* Products */,
				83BD552E4E966ECEE5CEB058 /* Pods */,
				C3D4CE2A84D5BC6035944026 /* Frameworks */,
			);
			sourceTree = "<group>";
		};
		E8D68FC31DACF08600242E8E /* Products */ = {
			isa = PBXGroup;
			children = (
				E8D68FC21DACF08600242E8E /* SLIIT RMS.app */,
			);
			name = Products;
			sourceTree = "<group>";
		};
		E8D68FC41DACF08600242E8E /* SLIIT RMS */ = {
			isa = PBXGroup;
			children = (
				E8F27FB91DBA122B00BC7BB9 /* Classes */,
				E8D68FCE1DACF08600242E8E /* Main.storyboard */,
				E8D68FD11DACF08600242E8E /* Assets.xcassets */,
				E8D68FD61DACF08600242E8E /* Info.plist */,
				E8D68FC51DACF08600242E8E /* Supporting Files */,
			);
			path = "SLIIT RMS";
			sourceTree = "<group>";
		};
		E8D68FC51DACF08600242E8E /* Supporting Files */ = {
			isa = PBXGroup;
			children = (
				E8D68FC61DACF08600242E8E /* main.m */,
			);
			name = "Supporting Files";
			sourceTree = "<group>";
		};
		E8EB26701DC9AD5A00B4D750 /* Models */ = {
			isa = PBXGroup;
			children = (
				E8EB26711DC9AD7F00B4D750 /* User.h */,
				E8EB26721DC9AD7F00B4D750 /* User.m */,
				7830818A1DDEC0920003D012 /* TimeTable.h */,
				7830818B1DDEC0920003D012 /* TimeTable.m */,
				7830818D1DDEC1510003D012 /* DashboardStat.h */,
				7830818E1DDEC1510003D012 /* DashboardStat.m */,
			);
			name = Models;
			sourceTree = "<group>";
		};
		E8EB26771DC9C1C800B4D750 /* Utility */ = {
			isa = PBXGroup;
			children = (
				E8EB26781DC9C1F900B4D750 /* CAPSPageMenu.h */,
				E8EB26791DC9C1F900B4D750 /* CAPSPageMenu.m */,
			);
			name = Utility;
			sourceTree = "<group>";
		};
		E8F27FB91DBA122B00BC7BB9 /* Classes */ = {
			isa = PBXGroup;
			children = (
				E8EB26771DC9C1C800B4D750 /* Utility */,
				E8F27FBA1DBA122B00BC7BB9 /* AppDelegate */,
				E8F27FBB1DBA122B00BC7BB9 /* Controllers */,
				E8F27FBC1DBA122B00BC7BB9 /* Helpers */,
				E8EB26701DC9AD5A00B4D750 /* Models */,
				E8F27FBD1DBA122B00BC7BB9 /* Services */,
			);
			path = Classes;
			sourceTree = "<group>";
		};
		E8F27FBA1DBA122B00BC7BB9 /* AppDelegate */ = {
			isa = PBXGroup;
			children = (
				781C7AF01DDE2567005C8005 /* AppDelegate.h */,
				781C7AF11DDE2567005C8005 /* AppDelegate.m */,
			);
			path = AppDelegate;
			sourceTree = "<group>";
		};
		E8F27FBB1DBA122B00BC7BB9 /* Controllers */ = {
			isa = PBXGroup;
			children = (
				788E6AA41DDFAE64006021C3 /* Login */,
				788E6AA51DDFAE83006021C3 /* Home */,
			);
			path = Controllers;
			sourceTree = "<group>";
		};
		E8F27FBC1DBA122B00BC7BB9 /* Helpers */ = {
			isa = PBXGroup;
			children = (
				E8EB266F1DC9AAC500B4D750 /* Consts.h */,
			);
			path = Helpers;
			sourceTree = "<group>";
		};
		E8F27FBD1DBA122B00BC7BB9 /* Services */ = {
			isa = PBXGroup;
			children = (
				E8F27FBE1DBA122B00BC7BB9 /* API */,
				E8F27FBF1DBA122B00BC7BB9 /* Sync */,
			);
			path = Services;
			sourceTree = "<group>";
		};
		E8F27FBE1DBA122B00BC7BB9 /* API */ = {
			isa = PBXGroup;
			children = (
				E8EB26631DC9A34000B4D750 /* UserApi.h */,
				E8EB26641DC9A34000B4D750 /* UserApi.m */,
				E8EB26691DC9A36500B4D750 /* TimeTableApi.h */,
				E8EB266A1DC9A36500B4D750 /* TimeTableApi.m */,
				7899D48F1DDE952300CEADA5 /* DashboardApi.h */,
				7899D4901DDE952300CEADA5 /* DashboardApi.m */,
			);
			path = API;
			sourceTree = "<group>";
		};
		E8F27FBF1DBA122B00BC7BB9 /* Sync */ = {
			isa = PBXGroup;
			children = (
				E8EB26661DC9A35500B4D750 /* UserSync.h */,
				E8EB26671DC9A35500B4D750 /* UserSync.m */,
				E8EB266C1DC9A37400B4D750 /* TimeTableSync.h */,
				E8EB266D1DC9A37400B4D750 /* TimeTableSync.m */,
				783081871DDEBEE60003D012 /* DashboardSync.h */,
				783081881DDEBEE60003D012 /* DashboardSync.m */,
			);
			path = Sync;
			sourceTree = "<group>";
		};
/* End PBXGroup section */

/* Begin PBXNativeTarget section */
		E8D68FC11DACF08600242E8E /* SLIIT RMS */ = {
			isa = PBXNativeTarget;
			buildConfigurationList = E8D68FD91DACF08600242E8E /* Build configuration list for PBXNativeTarget "SLIIT RMS" */;
			buildPhases = (
				D0D58EF41C0F212F83DAFE1B /* [CP] Check Pods Manifest.lock */,
				E8D68FBE1DACF08600242E8E /* Sources */,
				E8D68FBF1DACF08600242E8E /* Frameworks */,
				E8D68FC01DACF08600242E8E /* Resources */,
				3A41AD2CDD2C181CABECA521 /* [CP] Embed Pods Frameworks */,
				2DC95FBB170B505CC80E33EA /* [CP] Copy Pods Resources */,
			);
			buildRules = (
			);
			dependencies = (
			);
			name = "SLIIT RMS";
			productName = "SLIIT RMS";
			productReference = E8D68FC21DACF08600242E8E /* SLIIT RMS.app */;
			productType = "com.apple.product-type.application";
		};
/* End PBXNativeTarget section */

/* Begin PBXProject section */
		E8D68FBA1DACF08600242E8E /* Project object */ = {
			isa = PBXProject;
			attributes = {
				LastUpgradeCheck = 0800;
				ORGANIZATIONNAME = Fidenz;
				TargetAttributes = {
					E8D68FC11DACF08600242E8E = {
						CreatedOnToolsVersion = 7.3;
						DevelopmentTeam = PR2GTDEE5X;
					};
				};
			};
			buildConfigurationList = E8D68FBD1DACF08600242E8E /* Build configuration list for PBXProject "SLIIT RMS" */;
			compatibilityVersion = "Xcode 3.2";
			developmentRegion = English;
			hasScannedForEncodings = 0;
			knownRegions = (
				en,
				Base,
			);
			mainGroup = E8D68FB91DACF08600242E8E;
			productRefGroup = E8D68FC31DACF08600242E8E /* Products */;
			projectDirPath = "";
			projectRoot = "";
			targets = (
				E8D68FC11DACF08600242E8E /* SLIIT RMS */,
			);
		};
/* End PBXProject section */

/* Begin PBXResourcesBuildPhase section */
		E8D68FC01DACF08600242E8E /* Resources */ = {
			isa = PBXResourcesBuildPhase;
			buildActionMask = 2147483647;
			files = (
				E8D68FD21DACF08600242E8E /* Assets.xcassets in Resources */,
				E8D68FD01DACF08600242E8E /* Main.storyboard in Resources */,
			);
			runOnlyForDeploymentPostprocessing = 0;
		};
/* End PBXResourcesBuildPhase section */

/* Begin PBXShellScriptBuildPhase section */
		2DC95FBB170B505CC80E33EA /* [CP] Copy Pods Resources */ = {
			isa = PBXShellScriptBuildPhase;
			buildActionMask = 2147483647;
			files = (
			);
			inputPaths = (
			);
			name = "[CP] Copy Pods Resources";
			outputPaths = (
			);
			runOnlyForDeploymentPostprocessing = 0;
			shellPath = /bin/sh;
			shellScript = "\"${SRCROOT}/Pods/Target Support Files/Pods-SLIIT RMS/Pods-SLIIT RMS-resources.sh\"\n";
			showEnvVarsInLog = 0;
		};
		3A41AD2CDD2C181CABECA521 /* [CP] Embed Pods Frameworks */ = {
			isa = PBXShellScriptBuildPhase;
			buildActionMask = 2147483647;
			files = (
			);
			inputPaths = (
			);
			name = "[CP] Embed Pods Frameworks";
			outputPaths = (
			);
			runOnlyForDeploymentPostprocessing = 0;
			shellPath = /bin/sh;
			shellScript = "\"${SRCROOT}/Pods/Target Support Files/Pods-SLIIT RMS/Pods-SLIIT RMS-frameworks.sh\"\n";
			showEnvVarsInLog = 0;
		};
		D0D58EF41C0F212F83DAFE1B /* [CP] Check Pods Manifest.lock */ = {
			isa = PBXShellScriptBuildPhase;
			buildActionMask = 2147483647;
			files = (
			);
			inputPaths = (
			);
			name = "[CP] Check Pods Manifest.lock";
			outputPaths = (
			);
			runOnlyForDeploymentPostprocessing = 0;
			shellPath = /bin/sh;
			shellScript = "diff \"${PODS_ROOT}/../Podfile.lock\" \"${PODS_ROOT}/Manifest.lock\" > /dev/null\nif [ $? != 0 ] ; then\n    # print error to STDERR\n    echo \"error: The sandbox is not in sync with the Podfile.lock. Run 'pod install' or update your CocoaPods installation.\" >&2\n    exit 1\nfi\n";
			showEnvVarsInLog = 0;
		};
/* End PBXShellScriptBuildPhase section */

/* Begin PBXSourcesBuildPhase section */
		E8D68FBE1DACF08600242E8E /* Sources */ = {
			isa = PBXSourcesBuildPhase;
			buildActionMask = 2147483647;
			files = (
				788E6AAD1DDFAEFF006021C3 /* IntervalCell.m in Sources */,
				E8EB26731DC9AD7F00B4D750 /* User.m in Sources */,
				E89364BC1DBA6904001923AB /* SettingsController.m in Sources */,
				E8EB266B1DC9A36500B4D750 /* TimeTableApi.m in Sources */,
				E8F27FC51DBA218900BC7BB9 /* LoginController.m in Sources */,
				788E6AAA1DDFAEEE006021C3 /* TimeTableEntryCell.m in Sources */,
				E8EB26681DC9A35500B4D750 /* UserSync.m in Sources */,
				E89364C21DBA696D001923AB /* TimeTableController.m in Sources */,
				E8EB26651DC9A34000B4D750 /* UserApi.m in Sources */,
				784A57971DDEF5A8005D2F57 /* SideDrawerController.m in Sources */,
				783081891DDEBEE60003D012 /* DashboardSync.m in Sources */,
				786BA1281DE437C7007920ED /* DashboardController.m in Sources */,
				E8EB267A1DC9C1F900B4D750 /* CAPSPageMenu.m in Sources */,
				E8F27FC21DBA1FA100BC7BB9 /* SplashScreenController.m in Sources */,
				E89364B91DBA6316001923AB /* HomeController.m in Sources */,
				7830818F1DDEC1510003D012 /* DashboardStat.m in Sources */,
				78995E3E1DE48FD600D2AE89 /* UnallocatedCell.m in Sources */,
				E89364BF1DBA6959001923AB /* NewsController.m in Sources */,
				7899D4911DDE952300CEADA5 /* DashboardApi.m in Sources */,
				7830818C1DDEC0920003D012 /* TimeTable.m in Sources */,
				E8EB266E1DC9A37400B4D750 /* TimeTableSync.m in Sources */,
				E8EB26761DC9B8D800B4D750 /* TimeTablePageController.m in Sources */,
				E8D68FC71DACF08600242E8E /* main.m in Sources */,
				781C7AF21DDE2567005C8005 /* AppDelegate.m in Sources */,
			);
			runOnlyForDeploymentPostprocessing = 0;
		};
/* End PBXSourcesBuildPhase section */

/* Begin PBXVariantGroup section */
		E8D68FCE1DACF08600242E8E /* Main.storyboard */ = {
			isa = PBXVariantGroup;
			children = (
				E8D68FCF1DACF08600242E8E /* Base */,
			);
			name = Main.storyboard;
			sourceTree = "<group>";
		};
/* End PBXVariantGroup section */

/* Begin XCBuildConfiguration section */
		E8D68FD71DACF08600242E8E /* Debug */ = {
			isa = XCBuildConfiguration;
			buildSettings = {
				ALWAYS_SEARCH_USER_PATHS = NO;
				CLANG_ANALYZER_NONNULL = YES;
				CLANG_CXX_LANGUAGE_STANDARD = "gnu++0x";
				CLANG_CXX_LIBRARY = "libc++";
				CLANG_ENABLE_MODULES = YES;
				CLANG_ENABLE_OBJC_ARC = YES;
				CLANG_WARN_BOOL_CONVERSION = YES;
				CLANG_WARN_CONSTANT_CONVERSION = YES;
				CLANG_WARN_DIRECT_OBJC_ISA_USAGE = YES_ERROR;
				CLANG_WARN_EMPTY_BODY = YES;
				CLANG_WARN_ENUM_CONVERSION = YES;
				CLANG_WARN_INFINITE_RECURSION = YES;
				CLANG_WARN_INT_CONVERSION = YES;
				CLANG_WARN_OBJC_ROOT_CLASS = YES_ERROR;
				CLANG_WARN_SUSPICIOUS_MOVE = YES;
				CLANG_WARN_UNREACHABLE_CODE = YES;
				CLANG_WARN__DUPLICATE_METHOD_MATCH = YES;
				"CODE_SIGN_IDENTITY[sdk=iphoneos*]" = "iPhone Developer";
				COPY_PHASE_STRIP = NO;
				DEBUG_INFORMATION_FORMAT = dwarf;
				ENABLE_STRICT_OBJC_MSGSEND = YES;
				ENABLE_TESTABILITY = YES;
				GCC_C_LANGUAGE_STANDARD = gnu99;
				GCC_DYNAMIC_NO_PIC = NO;
				GCC_NO_COMMON_BLOCKS = YES;
				GCC_OPTIMIZATION_LEVEL = 0;
				GCC_PREPROCESSOR_DEFINITIONS = (
					"DEBUG=1",
					"$(inherited)",
				);
				GCC_WARN_64_TO_32_BIT_CONVERSION = YES;
				GCC_WARN_ABOUT_RETURN_TYPE = YES_ERROR;
				GCC_WARN_UNDECLARED_SELECTOR = YES;
				GCC_WARN_UNINITIALIZED_AUTOS = YES_AGGRESSIVE;
				GCC_WARN_UNUSED_FUNCTION = YES;
				GCC_WARN_UNUSED_VARIABLE = YES;
				IPHONEOS_DEPLOYMENT_TARGET = 9.3;
				MTL_ENABLE_DEBUG_INFO = YES;
				ONLY_ACTIVE_ARCH = YES;
				SDKROOT = iphoneos;
			};
			name = Debug;
		};
		E8D68FD81DACF08600242E8E /* Release */ = {
			isa = XCBuildConfiguration;
			buildSettings = {
				ALWAYS_SEARCH_USER_PATHS = NO;
				CLANG_ANALYZER_NONNULL = YES;
				CLANG_CXX_LANGUAGE_STANDARD = "gnu++0x";
				CLANG_CXX_LIBRARY = "libc++";
				CLANG_ENABLE_MODULES = YES;
				CLANG_ENABLE_OBJC_ARC = YES;
				CLANG_WARN_BOOL_CONVERSION = YES;
				CLANG_WARN_CONSTANT_CONVERSION = YES;
				CLANG_WARN_DIRECT_OBJC_ISA_USAGE = YES_ERROR;
				CLANG_WARN_EMPTY_BODY = YES;
				CLANG_WARN_ENUM_CONVERSION = YES;
				CLANG_WARN_INFINITE_RECURSION = YES;
				CLANG_WARN_INT_CONVERSION = YES;
				CLANG_WARN_OBJC_ROOT_CLASS = YES_ERROR;
				CLANG_WARN_SUSPICIOUS_MOVE = YES;
				CLANG_WARN_UNREACHABLE_CODE = YES;
				CLANG_WARN__DUPLICATE_METHOD_MATCH = YES;
				"CODE_SIGN_IDENTITY[sdk=iphoneos*]" = "iPhone Developer";
				COPY_PHASE_STRIP = NO;
				DEBUG_INFORMATION_FORMAT = "dwarf-with-dsym";
				ENABLE_NS_ASSERTIONS = NO;
				ENABLE_STRICT_OBJC_MSGSEND = YES;
				GCC_C_LANGUAGE_STANDARD = gnu99;
				GCC_NO_COMMON_BLOCKS = YES;
				GCC_WARN_64_TO_32_BIT_CONVERSION = YES;
				GCC_WARN_ABOUT_RETURN_TYPE = YES_ERROR;
				GCC_WARN_UNDECLARED_SELECTOR = YES;
				GCC_WARN_UNINITIALIZED_AUTOS = YES_AGGRESSIVE;
				GCC_WARN_UNUSED_FUNCTION = YES;
				GCC_WARN_UNUSED_VARIABLE = YES;
				IPHONEOS_DEPLOYMENT_TARGET = 9.3;
				MTL_ENABLE_DEBUG_INFO = NO;
				SDKROOT = iphoneos;
				VALIDATE_PRODUCT = YES;
			};
			name = Release;
		};
		E8D68FDA1DACF08600242E8E /* Debug */ = {
			isa = XCBuildConfiguration;
			baseConfigurationReference = 8E55538A25B66D42627A2810 /* Pods-SLIIT RMS.debug.xcconfig */;
			buildSettings = {
				ASSETCATALOG_COMPILER_APPICON_NAME = AppIcon;
				DEVELOPMENT_TEAM = PR2GTDEE5X;
				INFOPLIST_FILE = "SLIIT RMS/Info.plist";
				LD_RUNPATH_SEARCH_PATHS = "$(inherited) @executable_path/Frameworks";
				PRODUCT_BUNDLE_IDENTIFIER = "Fidenz.SLIIT-RMS";
				PRODUCT_NAME = "$(TARGET_NAME)";
			};
			name = Debug;
		};
		E8D68FDB1DACF08600242E8E /* Release */ = {
			isa = XCBuildConfiguration;
			baseConfigurationReference = A23103D9F3BAA6685A216560 /* Pods-SLIIT RMS.release.xcconfig */;
			buildSettings = {
				ASSETCATALOG_COMPILER_APPICON_NAME = AppIcon;
				DEVELOPMENT_TEAM = PR2GTDEE5X;
				INFOPLIST_FILE = "SLIIT RMS/Info.plist";
				LD_RUNPATH_SEARCH_PATHS = "$(inherited) @executable_path/Frameworks";
				PRODUCT_BUNDLE_IDENTIFIER = "Fidenz.SLIIT-RMS";
				PRODUCT_NAME = "$(TARGET_NAME)";
			};
			name = Release;
		};
/* End XCBuildConfiguration section */

/* Begin XCConfigurationList section */
		E8D68FBD1DACF08600242E8E /* Build configuration list for PBXProject "SLIIT RMS" */ = {
			isa = XCConfigurationList;
			buildConfigurations = (
				E8D68FD71DACF08600242E8E /* Debug */,
				E8D68FD81DACF08600242E8E /* Release */,
			);
			defaultConfigurationIsVisible = 0;
			defaultConfigurationName = Release;
		};
		E8D68FD91DACF08600242E8E /* Build configuration list for PBXNativeTarget "SLIIT RMS" */ = {
			isa = XCConfigurationList;
			buildConfigurations = (
				E8D68FDA1DACF08600242E8E /* Debug */,
				E8D68FDB1DACF08600242E8E /* Release */,
			);
			defaultConfigurationIsVisible = 0;
			defaultConfigurationName = Release;
		};
/* End XCConfigurationList section */
	};
	rootObject = E8D68FBA1DACF08600242E8E /* Project object */;
}
